
Microsoft Visual Studio Solution File, Format Version 12.00
# Visual Studio Version 17
VisualStudioVersion = 17.11.35219.272
MinimumVisualStudioVersion = 10.0.40219.1
Project("{FAE04EC0-301F-11D3-BF4B-00C04F79EFBC}") = "Binary_Search", "Binary_Search\Binary_Search.csproj", "{2E432180-0B4D-497A-BB15-91EA262959AD}"
EndProject
Global
	GlobalSection(SolutionConfigurationPlatforms) = preSolution
		Debug|Any CPU = Debug|Any CPU
		Release|Any CPU = Release|Any CPU
	EndGlobalSection
	GlobalSection(ProjectConfigurationPlatforms) = postSolution
		{2E432180-0B4D-497A-BB15-91EA262959AD}.Debug|Any CPU.ActiveCfg = Debug|Any CPU
		{2E432180-0B4D-497A-BB15-91EA262959AD}.Debug|Any CPU.Build.0 = Debug|Any CPU
		{2E432180-0B4D-497A-BB15-91EA262959AD}.Release|Any CPU.ActiveCfg = Release|Any CPU
		{2E432180-0B4D-497A-BB15-91EA262959AD}.Release|Any CPU.Build.0 = Release|Any CPU
	EndGlobalSection
	GlobalSection(SolutionProperties) = preSolution
		HideSolutionNode = FALSE
	EndGlobalSection
	GlobalSection(ExtensibilityGlobals) = postSolution
		SolutionGuid = {3BA0427A-15C1-4630-81EF-C5A9B913100C}
	EndGlobalSection
EndGlobal
